
Microsoft Visual Studio Solution File, Format Version 12.00
# Visual Studio Version 16
VisualStudioVersion = 16.0.29503.13
MinimumVisualStudioVersion = 10.0.40219.1
Project("{FAE04EC0-301F-11D3-BF4B-00C04F79EFBC}") = "GrpcServer", "GrpcServer\GrpcServer.csproj", "{47748FC0-6335-452F-B17F-C6904213A686}"
EndProject
Project("{FAE04EC0-301F-11D3-BF4B-00C04F79EFBC}") = "GrpcClient", "GrpcClient\GrpcClient.csproj", "{8B1332AE-201B-42CC-B58F-559CB9C204FB}"
EndProject
Global
	GlobalSection(SolutionConfigurationPlatforms) = preSolution
		Debug|Any CPU = Debug|Any CPU
		Release|Any CPU = Release|Any CPU
	EndGlobalSection
	GlobalSection(ProjectConfigurationPlatforms) = postSolution
		{47748FC0-6335-452F-B17F-C6904213A686}.Debug|Any CPU.ActiveCfg = Debug|Any CPU
		{47748FC0-6335-452F-B17F-C6904213A686}.Debug|Any CPU.Build.0 = Debug|Any CPU
		{47748FC0-6335-452F-B17F-C6904213A686}.Release|Any CPU.ActiveCfg = Release|Any CPU
		{47748FC0-6335-452F-B17F-C6904213A686}.Release|Any CPU.Build.0 = Release|Any CPU
		{8B1332AE-201B-42CC-B58F-559CB9C204FB}.Debug|Any CPU.ActiveCfg = Debug|Any CPU
		{8B1332AE-201B-42CC-B58F-559CB9C204FB}.Debug|Any CPU.Build.0 = Debug|Any CPU
		{8B1332AE-201B-42CC-B58F-559CB9C204FB}.Release|Any CPU.ActiveCfg = Release|Any CPU
		{8B1332AE-201B-42CC-B58F-559CB9C204FB}.Release|Any CPU.Build.0 = Release|Any CPU
	EndGlobalSection
	GlobalSection(SolutionProperties) = preSolution
		HideSolutionNode = FALSE
	EndGlobalSection
	GlobalSection(ExtensibilityGlobals) = postSolution
		SolutionGuid = {AFDC6723-A7BB-47EA-B1FB-CB5CB997653A}
	EndGlobalSection
EndGlobal
